// !$*UTF8*$!
{
	archiveVersion = 1;
	classes = {
	};
	objectVersion = 46;
	objects = {

/* Begin PBXBuildFile section */
		1E55A6351DC7C08900E559E3 /* main.cpp in Sources */ = {isa = PBXBuildFile; fileRef = 1E55A6341DC7C08900E559E3 /* main.cpp */; };
		1E55A63D1DC7C0DB00E559E3 /* Stado.cpp in Sources */ = {isa = PBXBuildFile; fileRef = 1E55A63B1DC7C0DB00E559E3 /* Stado.cpp */; };
		1EF134931DCA1E8200FF7182 /* Zwierze.cpp in Sources */ = {isa = PBXBuildFile; fileRef = 1EF134911DCA1E8200FF7182 /* Zwierze.cpp */; };
		1EF134961DCA297200FF7182 /* Pies.cpp in Sources */ = {isa = PBXBuildFile; fileRef = 1EF134941DCA297200FF7182 /* Pies.cpp */; };
		1EF7F5D01DCA99D0007B8894 /* Kot.cpp in Sources */ = {isa = PBXBuildFile; fileRef = 1EF7F5CE1DCA99D0007B8894 /* Kot.cpp */; };
		1EF7F5D31DCA9A24007B8894 /* Kaczka.cpp in Sources */ = {isa = PBXBuildFile; fileRef = 1EF7F5D11DCA9A24007B8894 /* Kaczka.cpp */; };
/* End PBXBuildFile section */

/* Begin PBXCopyFilesBuildPhase section */
		1E55A62F1DC7C08900E559E3 /* CopyFiles */ = {
			isa = PBXCopyFilesBuildPhase;
			buildActionMask = 2147483647;
			dstPath = /usr/share/man/man1/;
			dstSubfolderSpec = 0;
			files = (
			);
			runOnlyForDeploymentPostprocessing = 1;
		};
/* End PBXCopyFilesBuildPhase section */

/* Begin PBXFileReference section */
		1E55A6311DC7C08900E559E3 /* lab2 */ = {isa = PBXFileReference; explicitFileType = "compiled.mach-o.executable"; includeInIndex = 0; path = lab2; sourceTree = BUILT_PRODUCTS_DIR; };
		1E55A6341DC7C08900E559E3 /* main.cpp */ = {isa = PBXFileReference; lastKnownFileType = sourcecode.cpp.cpp; path = main.cpp; sourceTree = "<group>"; };
		1E55A63B1DC7C0DB00E559E3 /* Stado.cpp */ = {isa = PBXFileReference; fileEncoding = 4; lastKnownFileType = sourcecode.cpp.cpp; path = Stado.cpp; sourceTree = "<group>"; };
		1E55A63C1DC7C0DB00E559E3 /* Stado.hpp */ = {isa = PBXFileReference; fileEncoding = 4; indentWidth = 8; lastKnownFileType = sourcecode.cpp.h; path = Stado.hpp; sourceTree = "<group>"; tabWidth = 8; };
		1EF134911DCA1E8200FF7182 /* Zwierze.cpp */ = {isa = PBXFileReference; fileEncoding = 4; lastKnownFileType = sourcecode.cpp.cpp; path = Zwierze.cpp; sourceTree = "<group>"; };
		1EF134921DCA1E8200FF7182 /* Zwierze.hpp */ = {isa = PBXFileReference; fileEncoding = 4; lastKnownFileType = sourcecode.cpp.h; path = Zwierze.hpp; sourceTree = "<group>"; };
		1EF134941DCA297200FF7182 /* Pies.cpp */ = {isa = PBXFileReference; fileEncoding = 4; lastKnownFileType = sourcecode.cpp.cpp; path = Pies.cpp; sourceTree = "<group>"; };
		1EF134951DCA297200FF7182 /* Pies.hpp */ = {isa = PBXFileReference; fileEncoding = 4; indentWidth = 8; lastKnownFileType = sourcecode.cpp.h; path = Pies.hpp; sourceTree = "<group>"; tabWidth = 8; };
		1EF7F5CE1DCA99D0007B8894 /* Kot.cpp */ = {isa = PBXFileReference; fileEncoding = 4; lastKnownFileType = sourcecode.cpp.cpp; path = Kot.cpp; sourceTree = "<group>"; };
		1EF7F5CF1DCA99D0007B8894 /* Kot.hpp */ = {isa = PBXFileReference; fileEncoding = 4; lastKnownFileType = sourcecode.cpp.h; path = Kot.hpp; sourceTree = "<group>"; };
		1EF7F5D11DCA9A24007B8894 /* Kaczka.cpp */ = {isa = PBXFileReference; fileEncoding = 4; lastKnownFileType = sourcecode.cpp.cpp; path = Kaczka.cpp; sourceTree = "<group>"; };
		1EF7F5D21DCA9A24007B8894 /* Kaczka.hpp */ = {isa = PBXFileReference; fileEncoding = 4; lastKnownFileType = sourcecode.cpp.h; path = Kaczka.hpp; sourceTree = "<group>"; };
/* End PBXFileReference section */

/* Begin PBXFrameworksBuildPhase section */
		1E55A62E1DC7C08900E559E3 /* Frameworks */ = {
			isa = PBXFrameworksBuildPhase;
			buildActionMask = 2147483647;
			files = (
			);
			runOnlyForDeploymentPostprocessing = 0;
		};
/* End PBXFrameworksBuildPhase section */

/* Begin PBXGroup section */
		1E55A6281DC7C08900E559E3 = {
			isa = PBXGroup;
			children = (
				1E55A6331DC7C08900E559E3 /* lab2 */,
				1E55A6321DC7C08900E559E3 /* Products */,
			);
			sourceTree = "<group>";
		};
		1E55A6321DC7C08900E559E3 /* Products */ = {
			isa = PBXGroup;
			children = (
				1E55A6311DC7C08900E559E3 /* lab2 */,
			);
			name = Products;
			sourceTree = "<group>";
		};
		1E55A6331DC7C08900E559E3 /* lab2 */ = {
			isa = PBXGroup;
			children = (
				1EF134911DCA1E8200FF7182 /* Zwierze.cpp */,
				1EF134921DCA1E8200FF7182 /* Zwierze.hpp */,
				1EF134941DCA297200FF7182 /* Pies.cpp */,
				1EF134951DCA297200FF7182 /* Pies.hpp */,
				1EF7F5CE1DCA99D0007B8894 /* Kot.cpp */,
				1EF7F5CF1DCA99D0007B8894 /* Kot.hpp */,
				1EF7F5D11DCA9A24007B8894 /* Kaczka.cpp */,
				1EF7F5D21DCA9A24007B8894 /* Kaczka.hpp */,
				1E55A6341DC7C08900E559E3 /* main.cpp */,
				1E55A63B1DC7C0DB00E559E3 /* Stado.cpp */,
				1E55A63C1DC7C0DB00E559E3 /* Stado.hpp */,
			);
			path = lab2;
			sourceTree = "<group>";
		};
/* End PBXGroup section */

/* Begin PBXNativeTarget section */
		1E55A6301DC7C08900E559E3 /* lab2 */ = {
			isa = PBXNativeTarget;
			buildConfigurationList = 1E55A6381DC7C08900E559E3 /* Build configuration list for PBXNativeTarget "lab2" */;
			buildPhases = (
				1E55A62D1DC7C08900E559E3 /* Sources */,
				1E55A62E1DC7C08900E559E3 /* Frameworks */,
				1E55A62F1DC7C08900E559E3 /* CopyFiles */,
			);
			buildRules = (
			);
			dependencies = (
			);
			name = lab2;
			productName = lab2;
			productReference = 1E55A6311DC7C08900E559E3 /* lab2 */;
			productType = "com.apple.product-type.tool";
		};
/* End PBXNativeTarget section */

/* Begin PBXProject section */
		1E55A6291DC7C08900E559E3 /* Project object */ = {
			isa = PBXProject;
			attributes = {
				LastUpgradeCheck = 0810;
				ORGANIZATIONNAME = "Żaneta Larwa";
				TargetAttributes = {
					1E55A6301DC7C08900E559E3 = {
						CreatedOnToolsVersion = 8.1;
						ProvisioningStyle = Automatic;
					};
				};
			};
			buildConfigurationList = 1E55A62C1DC7C08900E559E3 /* Build configuration list for PBXProject "lab2" */;
			compatibilityVersion = "Xcode 3.2";
			developmentRegion = English;
			hasScannedForEncodings = 0;
			knownRegions = (
				en,
			);
			mainGroup = 1E55A6281DC7C08900E559E3;
			productRefGroup = 1E55A6321DC7C08900E559E3 /* Products */;
			projectDirPath = "";
			projectRoot = "";
			targets = (
				1E55A6301DC7C08900E559E3 /* lab2 */,
			);
		};
/* End PBXProject section */

/* Begin PBXSourcesBuildPhase section */
		1E55A62D1DC7C08900E559E3 /* Sources */ = {
			isa = PBXSourcesBuildPhase;
			buildActionMask = 2147483647;
			files = (
				1E55A6351DC7C08900E559E3 /* main.cpp in Sources */,
				1EF134931DCA1E8200FF7182 /* Zwierze.cpp in Sources */,
				1EF7F5D01DCA99D0007B8894 /* Kot.cpp in Sources */,
				1EF134961DCA297200FF7182 /* Pies.cpp in Sources */,
				1EF7F5D31DCA9A24007B8894 /* Kaczka.cpp in Sources */,
				1E55A63D1DC7C0DB00E559E3 /* Stado.cpp in Sources */,
			);
			runOnlyForDeploymentPostprocessing = 0;
		};
/* End PBXSourcesBuildPhase section */

/* Begin XCBuildConfiguration section */
		1E55A6361DC7C08900E559E3 /* Debug */ = {
			isa = XCBuildConfiguration;
			buildSettings = {
				ALWAYS_SEARCH_USER_PATHS = NO;
				CLANG_ANALYZER_NONNULL = YES;
				CLANG_CXX_LANGUAGE_STANDARD = "gnu++0x";
				CLANG_CXX_LIBRARY = "libc++";
				CLANG_ENABLE_MODULES = YES;
				CLANG_ENABLE_OBJC_ARC = YES;
				CLANG_WARN_BOOL_CONVERSION = YES;
				CLANG_WARN_CONSTANT_CONVERSION = YES;
				CLANG_WARN_DIRECT_OBJC_ISA_USAGE = YES_ERROR;
				CLANG_WARN_DOCUMENTATION_COMMENTS = YES;
				CLANG_WARN_EMPTY_BODY = YES;
				CLANG_WARN_ENUM_CONVERSION = YES;
				CLANG_WARN_INFINITE_RECURSION = YES;
				CLANG_WARN_INT_CONVERSION = YES;
				CLANG_WARN_OBJC_ROOT_CLASS = YES_ERROR;
				CLANG_WARN_SUSPICIOUS_MOVES = YES;
				CLANG_WARN_UNREACHABLE_CODE = YES;
				CLANG_WARN__DUPLICATE_METHOD_MATCH = YES;
				CODE_SIGN_IDENTITY = "-";
				COPY_PHASE_STRIP = NO;
				DEBUG_INFORMATION_FORMAT = dwarf;
				ENABLE_STRICT_OBJC_MSGSEND = YES;
				ENABLE_TESTABILITY = YES;
				GCC_C_LANGUAGE_STANDARD = gnu99;
				GCC_DYNAMIC_NO_PIC = NO;
				GCC_NO_COMMON_BLOCKS = YES;
				GCC_OPTIMIZATION_LEVEL = 0;
				GCC_PREPROCESSOR_DEFINITIONS = (
					"DEBUG=1",
					"$(inherited)",
				);
				GCC_WARN_64_TO_32_BIT_CONVERSION = YES;
				GCC_WARN_ABOUT_RETURN_TYPE = YES_ERROR;
				GCC_WARN_UNDECLARED_SELECTOR = YES;
				GCC_WARN_UNINITIALIZED_AUTOS = YES_AGGRESSIVE;
				GCC_WARN_UNUSED_FUNCTION = YES;
				GCC_WARN_UNUSED_VARIABLE = YES;
				MACOSX_DEPLOYMENT_TARGET = 10.11;
				MTL_ENABLE_DEBUG_INFO = YES;
				ONLY_ACTIVE_ARCH = YES;
				SDKROOT = macosx;
			};
			name = Debug;
		};
		1E55A6371DC7C08900E559E3 /* Release */ = {
			isa = XCBuildConfiguration;
			buildSettings = {
				ALWAYS_SEARCH_USER_PATHS = NO;
				CLANG_ANALYZER_NONNULL = YES;
				CLANG_CXX_LANGUAGE_STANDARD = "gnu++0x";
				CLANG_CXX_LIBRARY = "libc++";
				CLANG_ENABLE_MODULES = YES;
				CLANG_ENABLE_OBJC_ARC = YES;
				CLANG_WARN_BOOL_CONVERSION = YES;
				CLANG_WARN_CONSTANT_CONVERSION = YES;
				CLANG_WARN_DIRECT_OBJC_ISA_USAGE = YES_ERROR;
				CLANG_WARN_DOCUMENTATION_COMMENTS = YES;
				CLANG_WARN_EMPTY_BODY = YES;
				CLANG_WARN_ENUM_CONVERSION = YES;
				CLANG_WARN_INFINITE_RECURSION = YES;
				CLANG_WARN_INT_CONVERSION = YES;
				CLANG_WARN_OBJC_ROOT_CLASS = YES_ERROR;
				CLANG_WARN_SUSPICIOUS_MOVES = YES;
				CLANG_WARN_UNREACHABLE_CODE = YES;
				CLANG_WARN__DUPLICATE_METHOD_MATCH = YES;
				CODE_SIGN_IDENTITY = "-";
				COPY_PHASE_STRIP = NO;
				DEBUG_INFORMATION_FORMAT = "dwarf-with-dsym";
				ENABLE_NS_ASSERTIONS = NO;
				ENABLE_STRICT_OBJC_MSGSEND = YES;
				GCC_C_LANGUAGE_STANDARD = gnu99;
				GCC_NO_COMMON_BLOCKS = YES;
				GCC_WARN_64_TO_32_BIT_CONVERSION = YES;
				GCC_WARN_ABOUT_RETURN_TYPE = YES_ERROR;
				GCC_WARN_UNDECLARED_SELECTOR = YES;
				GCC_WARN_UNINITIALIZED_AUTOS = YES_AGGRESSIVE;
				GCC_WARN_UNUSED_FUNCTION = YES;
				GCC_WARN_UNUSED_VARIABLE = YES;
				MACOSX_DEPLOYMENT_TARGET = 10.11;
				MTL_ENABLE_DEBUG_INFO = NO;
				SDKROOT = macosx;
			};
			name = Release;
		};
		1E55A6391DC7C08900E559E3 /* Debug */ = {
			isa = XCBuildConfiguration;
			buildSettings = {
				PRODUCT_NAME = "$(TARGET_NAME)";
			};
			name = Debug;
		};
		1E55A63A1DC7C08900E559E3 /* Release */ = {
			isa = XCBuildConfiguration;
			buildSettings = {
				PRODUCT_NAME = "$(TARGET_NAME)";
			};
			name = Release;
		};
/* End XCBuildConfiguration section */

/* Begin XCConfigurationList section */
		1E55A62C1DC7C08900E559E3 /* Build configuration list for PBXProject "lab2" */ = {
			isa = XCConfigurationList;
			buildConfigurations = (
				1E55A6361DC7C08900E559E3 /* Debug */,
				1E55A6371DC7C08900E559E3 /* Release */,
			);
			defaultConfigurationIsVisible = 0;
			defaultConfigurationName = Release;
		};
		1E55A6381DC7C08900E559E3 /* Build configuration list for PBXNativeTarget "lab2" */ = {
			isa = XCConfigurationList;
			buildConfigurations = (
				1E55A6391DC7C08900E559E3 /* Debug */,
				1E55A63A1DC7C08900E559E3 /* Release */,
			);
			defaultConfigurationIsVisible = 0;
			defaultConfigurationName = Release;
		};
/* End XCConfigurationList section */
	};
	rootObject = 1E55A6291DC7C08900E559E3 /* Project object */;
}
